
Microsoft Visual Studio Solution File, Format Version 12.00
# Visual Studio Version 17
VisualStudioVersion = 17.5.33627.172
MinimumVisualStudioVersion = 10.0.40219.1
Project("{9A19103F-16F7-4668-BE54-9A1E7A4F7556}") = "BaseProject", "BaseProject\BaseProject.csproj", "{C35BE3D2-615D-4632-92D5-5BABD97477C3}"
EndProject
Project("{9A19103F-16F7-4668-BE54-9A1E7A4F7556}") = "WebApp.Strategy", "WebApp.Strategy\WebApp.Strategy.csproj", "{214D681E-29F9-4E67-A7ED-3668E807357D}"
EndProject
Project("{9A19103F-16F7-4668-BE54-9A1E7A4F7556}") = "WebApp.Template", "WebApp.Template\WebApp.Template.csproj", "{6BE788B1-B3BC-47E8-A269-F5B0819539E8}"
EndProject
Project("{9A19103F-16F7-4668-BE54-9A1E7A4F7556}") = "WebApp.Command", "WebApp.Command\WebApp.Command.csproj", "{D0F5173B-8DC4-4770-AFFB-5C68C3E3DBA7}"
EndProject
Project("{9A19103F-16F7-4668-BE54-9A1E7A4F7556}") = "WebApp.Observer", "WebApp.Observer\WebApp.Observer.csproj", "{9AEE70C9-C9F9-4A96-A342-263BF7F4B0CC}"
EndProject
Project("{9A19103F-16F7-4668-BE54-9A1E7A4F7556}") = "WebApp.ChainOfResponsibility", "WebApp.ChainOfResponsibility\WebApp.ChainOfResponsibility.csproj", "{767FF4C8-94F1-44A7-BEF4-E5A9ABB85301}"
EndProject
Project("{9A19103F-16F7-4668-BE54-9A1E7A4F7556}") = "WebApp.Composite", "WebApp.Composite\WebApp.Composite.csproj", "{211C26D1-A285-4B56-B566-9CD25B7E6AF7}"
EndProject
Project("{9A19103F-16F7-4668-BE54-9A1E7A4F7556}") = "WebApp.Decorator", "WebApp.Decorator\WebApp.Decorator.csproj", "{DD96571F-386B-401A-A706-937904F77FDC}"
EndProject
Project("{9A19103F-16F7-4668-BE54-9A1E7A4F7556}") = "WebApp.Adapter", "WebApp.Adapter\WebApp.Adapter.csproj", "{1299B14E-D114-4512-BDCC-1628E1419719}"
EndProject
Global
	GlobalSection(SolutionConfigurationPlatforms) = preSolution
		Debug|Any CPU = Debug|Any CPU
		Release|Any CPU = Release|Any CPU
	EndGlobalSection
	GlobalSection(ProjectConfigurationPlatforms) = postSolution
		{C35BE3D2-615D-4632-92D5-5BABD97477C3}.Debug|Any CPU.ActiveCfg = Debug|Any CPU
		{C35BE3D2-615D-4632-92D5-5BABD97477C3}.Debug|Any CPU.Build.0 = Debug|Any CPU
		{C35BE3D2-615D-4632-92D5-5BABD97477C3}.Release|Any CPU.ActiveCfg = Release|Any CPU
		{C35BE3D2-615D-4632-92D5-5BABD97477C3}.Release|Any CPU.Build.0 = Release|Any CPU
		{214D681E-29F9-4E67-A7ED-3668E807357D}.Debug|Any CPU.ActiveCfg = Debug|Any CPU
		{214D681E-29F9-4E67-A7ED-3668E807357D}.Debug|Any CPU.Build.0 = Debug|Any CPU
		{214D681E-29F9-4E67-A7ED-3668E807357D}.Release|Any CPU.ActiveCfg = Release|Any CPU
		{214D681E-29F9-4E67-A7ED-3668E807357D}.Release|Any CPU.Build.0 = Release|Any CPU
		{6BE788B1-B3BC-47E8-A269-F5B0819539E8}.Debug|Any CPU.ActiveCfg = Debug|Any CPU
		{6BE788B1-B3BC-47E8-A269-F5B0819539E8}.Debug|Any CPU.Build.0 = Debug|Any CPU
		{6BE788B1-B3BC-47E8-A269-F5B0819539E8}.Release|Any CPU.ActiveCfg = Release|Any CPU
		{6BE788B1-B3BC-47E8-A269-F5B0819539E8}.Release|Any CPU.Build.0 = Release|Any CPU
		{D0F5173B-8DC4-4770-AFFB-5C68C3E3DBA7}.Debug|Any CPU.ActiveCfg = Debug|Any CPU
		{D0F5173B-8DC4-4770-AFFB-5C68C3E3DBA7}.Debug|Any CPU.Build.0 = Debug|Any CPU
		{D0F5173B-8DC4-4770-AFFB-5C68C3E3DBA7}.Release|Any CPU.ActiveCfg = Release|Any CPU
		{D0F5173B-8DC4-4770-AFFB-5C68C3E3DBA7}.Release|Any CPU.Build.0 = Release|Any CPU
		{9AEE70C9-C9F9-4A96-A342-263BF7F4B0CC}.Debug|Any CPU.ActiveCfg = Debug|Any CPU
		{9AEE70C9-C9F9-4A96-A342-263BF7F4B0CC}.Debug|Any CPU.Build.0 = Debug|Any CPU
		{9AEE70C9-C9F9-4A96-A342-263BF7F4B0CC}.Release|Any CPU.ActiveCfg = Release|Any CPU
		{9AEE70C9-C9F9-4A96-A342-263BF7F4B0CC}.Release|Any CPU.Build.0 = Release|Any CPU
		{767FF4C8-94F1-44A7-BEF4-E5A9ABB85301}.Debug|Any CPU.ActiveCfg = Debug|Any CPU
		{767FF4C8-94F1-44A7-BEF4-E5A9ABB85301}.Debug|Any CPU.Build.0 = Debug|Any CPU
		{767FF4C8-94F1-44A7-BEF4-E5A9ABB85301}.Release|Any CPU.ActiveCfg = Release|Any CPU
		{767FF4C8-94F1-44A7-BEF4-E5A9ABB85301}.Release|Any CPU.Build.0 = Release|Any CPU
		{211C26D1-A285-4B56-B566-9CD25B7E6AF7}.Debug|Any CPU.ActiveCfg = Debug|Any CPU
		{211C26D1-A285-4B56-B566-9CD25B7E6AF7}.Debug|Any CPU.Build.0 = Debug|Any CPU
		{211C26D1-A285-4B56-B566-9CD25B7E6AF7}.Release|Any CPU.ActiveCfg = Release|Any CPU
		{211C26D1-A285-4B56-B566-9CD25B7E6AF7}.Release|Any CPU.Build.0 = Release|Any CPU
		{DD96571F-386B-401A-A706-937904F77FDC}.Debug|Any CPU.ActiveCfg = Debug|Any CPU
		{DD96571F-386B-401A-A706-937904F77FDC}.Debug|Any CPU.Build.0 = Debug|Any CPU
		{DD96571F-386B-401A-A706-937904F77FDC}.Release|Any CPU.ActiveCfg = Release|Any CPU
		{DD96571F-386B-401A-A706-937904F77FDC}.Release|Any CPU.Build.0 = Release|Any CPU
		{1299B14E-D114-4512-BDCC-1628E1419719}.Debug|Any CPU.ActiveCfg = Debug|Any CPU
		{1299B14E-D114-4512-BDCC-1628E1419719}.Debug|Any CPU.Build.0 = Debug|Any CPU
		{1299B14E-D114-4512-BDCC-1628E1419719}.Release|Any CPU.ActiveCfg = Release|Any CPU
		{1299B14E-D114-4512-BDCC-1628E1419719}.Release|Any CPU.Build.0 = Release|Any CPU
	EndGlobalSection
	GlobalSection(SolutionProperties) = preSolution
		HideSolutionNode = FALSE
	EndGlobalSection
	GlobalSection(ExtensibilityGlobals) = postSolution
		SolutionGuid = {83FCCB2E-09BC-45A2-9600-D083D0919E0F}
	EndGlobalSection
EndGlobal
