
Microsoft Visual Studio Solution File, Format Version 12.00
# Visual Studio Version 17
VisualStudioVersion = 17.5.33627.172
MinimumVisualStudioVersion = 10.0.40219.1
Project("{FAE04EC0-301F-11D3-BF4B-00C04F79EFBC}") = "BaseProject", "BaseProject\BaseProject.csproj", "{C35BE3D2-615D-4632-92D5-5BABD97477C3}"
EndProject
Project("{9A19103F-16F7-4668-BE54-9A1E7A4F7556}") = "WebApp.Strategy", "WebApp.Strategy\WebApp.Strategy.csproj", "{214D681E-29F9-4E67-A7ED-3668E807357D}"
EndProject
Global
	GlobalSection(SolutionConfigurationPlatforms) = preSolution
		Debug|Any CPU = Debug|Any CPU
		Release|Any CPU = Release|Any CPU
	EndGlobalSection
	GlobalSection(ProjectConfigurationPlatforms) = postSolution
		{C35BE3D2-615D-4632-92D5-5BABD97477C3}.Debug|Any CPU.ActiveCfg = Debug|Any CPU
		{C35BE3D2-615D-4632-92D5-5BABD97477C3}.Debug|Any CPU.Build.0 = Debug|Any CPU
		{C35BE3D2-615D-4632-92D5-5BABD97477C3}.Release|Any CPU.ActiveCfg = Release|Any CPU
		{C35BE3D2-615D-4632-92D5-5BABD97477C3}.Release|Any CPU.Build.0 = Release|Any CPU
		{214D681E-29F9-4E67-A7ED-3668E807357D}.Debug|Any CPU.ActiveCfg = Debug|Any CPU
		{214D681E-29F9-4E67-A7ED-3668E807357D}.Debug|Any CPU.Build.0 = Debug|Any CPU
		{214D681E-29F9-4E67-A7ED-3668E807357D}.Release|Any CPU.ActiveCfg = Release|Any CPU
		{214D681E-29F9-4E67-A7ED-3668E807357D}.Release|Any CPU.Build.0 = Release|Any CPU
	EndGlobalSection
	GlobalSection(SolutionProperties) = preSolution
		HideSolutionNode = FALSE
	EndGlobalSection
	GlobalSection(ExtensibilityGlobals) = postSolution
		SolutionGuid = {83FCCB2E-09BC-45A2-9600-D083D0919E0F}
	EndGlobalSection
EndGlobal
